version = 1
revision = 1
requires-python = ">=3.12"

[[package]]
name = "aiofiles"
version = "25.1.0"
source = { registry = "https://pypi.org/simple" }
sdist = { url = "https://files.pythonhosted.org/packages/41/c3/534eac40372d8ee36ef40df62ec129bee4fdb5ad9706e58a29be53b2c970/aiofiles-25.1.0.tar.gz", hash = "sha256:a8d728f0a29de45dc521f18f07297428d56992a742f0cd2701ba86e44d23d5b2", size = 46354 }
wheels = [
    { url = "https://files.pythonhosted.org/packages/bc/8a/340a1555ae33d7354dbca4faa54948d76d89a27ceef032c8c3bc661d003e/aiofiles-25.1.0-py3-none-any.whl", hash = "sha256:abe311e527c862958650f9438e859c1fa7568a141b22abcd015e120e86a85695", size = 14668 },
]

[[package]]
name = "colorama"
version = "0.4.6"
source = { registry = "https://pypi.org/simple" }
sdist = { url = "https://files.pythonhosted.org/packages/d8/53/6f443c9a4a8358a93a6792e2acffb9d9d5cb0a5cfd8802644b7b1c9a02e4/colorama-0.4.6.tar.gz", hash = "sha256:08695f5cb7ed6e0531a20572697297273c47b8cae5a63ffc6d6ed5c201be6e44", size = 27697 }
wheels = [
    { url = "https://files.pythonhosted.org/packages/d1/d6/3965ed04c63042e047cb6a3e6ed1a63a35087b6a609aa3a15ed8ac56c221/colorama-0.4.6-py2.py3-none-any.whl", hash = "sha256:4f1d9991f5acc0ca119f9d443620b77f9d6b33703e51011c16baf57afb285fc6", size = 25335 },
]

[[package]]
name = "fts"
version = "0.1.0"
source = { virtual = "." }
dependencies = [
    { name = "aiofiles" },
    { name = "loguru" },
    { name = "msgpack" },
    { name = "tenacity" },
    { name = "tqdm" },
    { name = "websockets" },
]

[package.metadata]
requires-dist = [
    { name = "aiofiles", specifier = ">=25.1.0" },
    { name = "loguru", specifier = ">=0.7.3" },
    { name = "msgpack", specifier = ">=1.1.2" },
    { name = "tenacity", specifier = ">=9.1.2" },
    { name = "tqdm", specifier = ">=4.67.1" },
    { name = "websockets", specifier = ">=15.0.1" },
]

[[package]]
name = "loguru"
version = "0.7.3"
source = { registry = "https://pypi.org/simple" }
dependencies = [
    { name = "colorama", marker = "sys_platform == 'win32'" },
    { name = "win32-setctime", marker = "sys_platform == 'win32'" },
]
sdist = { url = "https://files.pythonhosted.org/packages/3a/05/a1dae3dffd1116099471c643b8924f5aa6524411dc6c63fdae648c4f1aca/loguru-0.7.3.tar.gz", hash = "sha256:19480589e77d47b8d85b2c827ad95d49bf31b0dcde16593892eb51dd18706eb6", size = 63559 }
wheels = [
    { url = "https://files.pythonhosted.org/packages/0c/29/0348de65b8cc732daa3e33e67806420b2ae89bdce2b04af740289c5c6c8c/loguru-0.7.3-py3-none-any.whl", hash = "sha256:31a33c10c8e1e10422bfd431aeb5d351c7cf7fa671e3c4df004162264b28220c", size = 61595 },
]

[[package]]
name = "msgpack"
version = "1.1.2"
source = { registry = "https://pypi.org/simple" }
sdist = { url = "https://files.pythonhosted.org/packages/4d/f2/bfb55a6236ed8725a96b0aa3acbd0ec17588e6a2c3b62a93eb513ed8783f/msgpack-1.1.2.tar.gz", hash = "sha256:3b60763c1373dd60f398488069bcdc703cd08a711477b5d480eecc9f9626f47e", size = 173581 }
wheels = [
    { url = "https://files.pythonhosted.org/packages/ad/bd/8b0d01c756203fbab65d265859749860682ccd2a59594609aeec3a144efa/msgpack-1.1.2-cp312-cp312-macosx_10_13_x86_64.whl", hash = "sha256:70a0dff9d1f8da25179ffcf880e10cf1aad55fdb63cd59c9a49a1b82290062aa", size = 81939 },
    { url = "https://files.pythonhosted.org/packages/34/68/ba4f155f793a74c1483d4bdef136e1023f7bcba557f0db4ef3db3c665cf1/msgpack-1.1.2-cp312-cp312-macosx_11_0_arm64.whl", hash = "sha256:446abdd8b94b55c800ac34b102dffd2f6aa0ce643c55dfc017ad89347db3dbdb", size = 85064 },
    { url = "https://files.pythonhosted.org/packages/f2/60/a064b0345fc36c4c3d2c743c82d9100c40388d77f0b48b2f04d6041dbec1/msgpack-1.1.2-cp312-cp312-manylinux2014_aarch64.manylinux_2_17_aarch64.manylinux_2_28_aarch64.whl", hash = "sha256:c63eea553c69ab05b6747901b97d620bb2a690633c77f23feb0c6a947a8a7b8f", size = 417131 },
    { url = "https://files.pythonhosted.org/packages/65/92/a5100f7185a800a5d29f8d14041f61475b9de465ffcc0f3b9fba606e4505/msgpack-1.1.2-cp312-cp312-manylinux2014_x86_64.manylinux_2_17_x86_64.manylinux_2_28_x86_64.whl", hash = "sha256:372839311ccf6bdaf39b00b61288e0557916c3729529b301c52c2d88842add42", size = 427556 },
    { url = "https://files.pythonhosted.org/packages/f5/87/ffe21d1bf7d9991354ad93949286f643b2bb6ddbeab66373922b44c3b8cc/msgpack-1.1.2-cp312-cp312-musllinux_1_2_aarch64.whl", hash = "sha256:2929af52106ca73fcb28576218476ffbb531a036c2adbcf54a3664de124303e9", size = 404920 },
    { url = "https://files.pythonhosted.org/packages/ff/41/8543ed2b8604f7c0d89ce066f42007faac1eaa7d79a81555f206a5cdb889/msgpack-1.1.2-cp312-cp312-musllinux_1_2_x86_64.whl", hash = "sha256:be52a8fc79e45b0364210eef5234a7cf8d330836d0a64dfbb878efa903d84620", size = 415013 },
    { url = "https://files.pythonhosted.org/packages/41/0d/2ddfaa8b7e1cee6c490d46cb0a39742b19e2481600a7a0e96537e9c22f43/msgpack-1.1.2-cp312-cp312-win32.whl", hash = "sha256:1fff3d825d7859ac888b0fbda39a42d59193543920eda9d9bea44d958a878029", size = 65096 },
    { url = "https://files.pythonhosted.org/packages/8c/ec/d431eb7941fb55a31dd6ca3404d41fbb52d99172df2e7707754488390910/msgpack-1.1.2-cp312-cp312-win_amd64.whl", hash = "sha256:1de460f0403172cff81169a30b9a92b260cb809c4cb7e2fc79ae8d0510c78b6b", size = 72708 },
    { url = "https://files.pythonhosted.org/packages/c5/31/5b1a1f70eb0e87d1678e9624908f86317787b536060641d6798e3cf70ace/msgpack-1.1.2-cp312-cp312-win_arm64.whl", hash = "sha256:be5980f3ee0e6bd44f3a9e9dea01054f175b50c3e6cdb692bc9424c0bbb8bf69", size = 64119 },
    { url = "https://files.pythonhosted.org/packages/6b/31/b46518ecc604d7edf3a4f94cb3bf021fc62aa301f0cb849936968164ef23/msgpack-1.1.2-cp313-cp313-macosx_10_13_x86_64.whl", hash = "sha256:4efd7b5979ccb539c221a4c4e16aac1a533efc97f3b759bb5a5ac9f6d10383bf", size = 81212 },
    { url = "https://files.pythonhosted.org/packages/92/dc/c385f38f2c2433333345a82926c6bfa5ecfff3ef787201614317b58dd8be/msgpack-1.1.2-cp313-cp313-macosx_11_0_arm64.whl", hash = "sha256:42eefe2c3e2af97ed470eec850facbe1b5ad1d6eacdbadc42ec98e7dcf68b4b7", size = 84315 },
    { url = "https://files.pythonhosted.org/packages/d3/68/93180dce57f684a61a88a45ed13047558ded2be46f03acb8dec6d7c513af/msgpack-1.1.2-cp313-cp313-manylinux2014_aarch64.manylinux_2_17_aarch64.manylinux_2_28_aarch64.whl", hash = "sha256:1fdf7d83102bf09e7ce3357de96c59b627395352a4024f6e2458501f158bf999", size = 412721 },
    { url = "https://files.pythonhosted.org/packages/5d/ba/459f18c16f2b3fc1a1ca871f72f07d70c07bf768ad0a507a698b8052ac58/msgpack-1.1.2-cp313-cp313-manylinux2014_x86_64.manylinux_2_17_x86_64.manylinux_2_28_x86_64.whl", hash = "sha256:fac4be746328f90caa3cd4bc67e6fe36ca2bf61d5c6eb6d895b6527e3f05071e", size = 424657 },
    { url = "https://files.pythonhosted.org/packages/38/f8/4398c46863b093252fe67368b44edc6c13b17f4e6b0e4929dbf0bdb13f23/msgpack-1.1.2-cp313-cp313-musllinux_1_2_aarch64.whl", hash = "sha256:fffee09044073e69f2bad787071aeec727183e7580443dfeb8556cbf1978d162", size = 402668 },
    { url = "https://files.pythonhosted.org/packages/28/ce/698c1eff75626e4124b4d78e21cca0b4cc90043afb80a507626ea354ab52/msgpack-1.1.2-cp313-cp313-musllinux_1_2_x86_64.whl", hash = "sha256:5928604de9b032bc17f5099496417f113c45bc6bc21b5c6920caf34b3c428794", size = 419040 },
    { url = "https://files.pythonhosted.org/packages/67/32/f3cd1667028424fa7001d82e10ee35386eea1408b93d399b09fb0aa7875f/msgpack-1.1.2-cp313-cp313-win32.whl", hash = "sha256:a7787d353595c7c7e145e2331abf8b7ff1e6673a6b974ded96e6d4ec09f00c8c", size = 65037 },
    { url = "https://files.pythonhosted.org/packages/74/07/1ed8277f8653c40ebc65985180b007879f6a836c525b3885dcc6448ae6cb/msgpack-1.1.2-cp313-cp313-win_amd64.whl", hash = "sha256:a465f0dceb8e13a487e54c07d04ae3ba131c7c5b95e2612596eafde1dccf64a9", size = 72631 },
    { url = "https://files.pythonhosted.org/packages/e5/db/0314e4e2db56ebcf450f277904ffd84a7988b9e5da8d0d61ab2d057df2b6/msgpack-1.1.2-cp313-cp313-win_arm64.whl", hash = "sha256:e69b39f8c0aa5ec24b57737ebee40be647035158f14ed4b40e6f150077e21a84", size = 64118 },
    { url = "https://files.pythonhosted.org/packages/22/71/201105712d0a2ff07b7873ed3c220292fb2ea5120603c00c4b634bcdafb3/msgpack-1.1.2-cp314-cp314-macosx_10_13_x86_64.whl", hash = "sha256:e23ce8d5f7aa6ea6d2a2b326b4ba46c985dbb204523759984430db7114f8aa00", size = 81127 },
    { url = "https://files.pythonhosted.org/packages/1b/9f/38ff9e57a2eade7bf9dfee5eae17f39fc0e998658050279cbb14d97d36d9/msgpack-1.1.2-cp314-cp314-macosx_11_0_arm64.whl", hash = "sha256:6c15b7d74c939ebe620dd8e559384be806204d73b4f9356320632d783d1f7939", size = 84981 },
    { url = "https://files.pythonhosted.org/packages/8e/a9/3536e385167b88c2cc8f4424c49e28d49a6fc35206d4a8060f136e71f94c/msgpack-1.1.2-cp314-cp314-manylinux2014_aarch64.manylinux_2_17_aarch64.manylinux_2_28_aarch64.whl", hash = "sha256:99e2cb7b9031568a2a5c73aa077180f93dd2e95b4f8d3b8e14a73ae94a9e667e", size = 411885 },
    { url = "https://files.pythonhosted.org/packages/2f/40/dc34d1a8d5f1e51fc64640b62b191684da52ca469da9cd74e84936ffa4a6/msgpack-1.1.2-cp314-cp314-manylinux2014_x86_64.manylinux_2_17_x86_64.manylinux_2_28_x86_64.whl", hash = "sha256:180759d89a057eab503cf62eeec0aa61c4ea1200dee709f3a8e9397dbb3b6931", size = 419658 },
    { url = "https://files.pythonhosted.org/packages/3b/ef/2b92e286366500a09a67e03496ee8b8ba00562797a52f3c117aa2b29514b/msgpack-1.1.2-cp314-cp314-musllinux_1_2_aarch64.whl", hash = "sha256:04fb995247a6e83830b62f0b07bf36540c213f6eac8e851166d8d86d83cbd014", size = 403290 },
    { url = "https://files.pythonhosted.org/packages/78/90/e0ea7990abea5764e4655b8177aa7c63cdfa89945b6e7641055800f6c16b/msgpack-1.1.2-cp314-cp314-musllinux_1_2_x86_64.whl", hash = "sha256:8e22ab046fa7ede9e36eeb4cfad44d46450f37bb05d5ec482b02868f451c95e2", size = 415234 },
    { url = "https://files.pythonhosted.org/packages/72/4e/9390aed5db983a2310818cd7d3ec0aecad45e1f7007e0cda79c79507bb0d/msgpack-1.1.2-cp314-cp314-win32.whl", hash = "sha256:80a0ff7d4abf5fecb995fcf235d4064b9a9a8a40a3ab80999e6ac1e30b702717", size = 66391 },
    { url = "https://files.pythonhosted.org/packages/6e/f1/abd09c2ae91228c5f3998dbd7f41353def9eac64253de3c8105efa2082f7/msgpack-1.1.2-cp314-cp314-win_amd64.whl", hash = "sha256:9ade919fac6a3e7260b7f64cea89df6bec59104987cbea34d34a2fa15d74310b", size = 73787 },
    { url = "https://files.pythonhosted.org/packages/6a/b0/9d9f667ab48b16ad4115c1935d94023b82b3198064cb84a123e97f7466c1/msgpack-1.1.2-cp314-cp314-win_arm64.whl", hash = "sha256:59415c6076b1e30e563eb732e23b994a61c159cec44deaf584e5cc1dd662f2af", size = 66453 },
    { url = "https://files.pythonhosted.org/packages/16/67/93f80545eb1792b61a217fa7f06d5e5cb9e0055bed867f43e2b8e012e137/msgpack-1.1.2-cp314-cp314t-macosx_10_13_x86_64.whl", hash = "sha256:897c478140877e5307760b0ea66e0932738879e7aa68144d9b78ea4c8302a84a", size = 85264 },
    { url = "https://files.pythonhosted.org/packages/87/1c/33c8a24959cf193966ef11a6f6a2995a65eb066bd681fd085afd519a57ce/msgpack-1.1.2-cp314-cp314t-macosx_11_0_arm64.whl", hash = "sha256:a668204fa43e6d02f89dbe79a30b0d67238d9ec4c5bd8a940fc3a004a47b721b", size = 89076 },
    { url = "https://files.pythonhosted.org/packages/fc/6b/62e85ff7193663fbea5c0254ef32f0c77134b4059f8da89b958beb7696f3/msgpack-1.1.2-cp314-cp314t-manylinux2014_aarch64.manylinux_2_17_aarch64.manylinux_2_28_aarch64.whl", hash = "sha256:5559d03930d3aa0f3aacb4c42c776af1a2ace2611871c84a75afe436695e6245", size = 435242 },
    { url = "https://files.pythonhosted.org/packages/c1/47/5c74ecb4cc277cf09f64e913947871682ffa82b3b93c8dad68083112f412/msgpack-1.1.2-cp314-cp314t-manylinux2014_x86_64.manylinux_2_17_x86_64.manylinux_2_28_x86_64.whl", hash = "sha256:70c5a7a9fea7f036b716191c29047374c10721c389c21e9ffafad04df8c52c90", size = 432509 },
    { url = "https://files.pythonhosted.org/packages/24/a4/e98ccdb56dc4e98c929a3f150de1799831c0a800583cde9fa022fa90602d/msgpack-1.1.2-cp314-cp314t-musllinux_1_2_aarch64.whl", hash = "sha256:f2cb069d8b981abc72b41aea1c580ce92d57c673ec61af4c500153a626cb9e20", size = 415957 },
    { url = "https://files.pythonhosted.org/packages/da/28/6951f7fb67bc0a4e184a6b38ab71a92d9ba58080b27a77d3e2fb0be5998f/msgpack-1.1.2-cp314-cp314t-musllinux_1_2_x86_64.whl", hash = "sha256:d62ce1f483f355f61adb5433ebfd8868c5f078d1a52d042b0a998682b4fa8c27", size = 422910 },
    { url = "https://files.pythonhosted.org/packages/f0/03/42106dcded51f0a0b5284d3ce30a671e7bd3f7318d122b2ead66ad289fed/msgpack-1.1.2-cp314-cp314t-win32.whl", hash = "sha256:1d1418482b1ee984625d88aa9585db570180c286d942da463533b238b98b812b", size = 75197 },
    { url = "https://files.pythonhosted.org/packages/15/86/d0071e94987f8db59d4eeb386ddc64d0bb9b10820a8d82bcd3e53eeb2da6/msgpack-1.1.2-cp314-cp314t-win_amd64.whl", hash = "sha256:5a46bf7e831d09470ad92dff02b8b1ac92175ca36b087f904a0519857c6be3ff", size = 85772 },
    { url = "https://files.pythonhosted.org/packages/81/f2/08ace4142eb281c12701fc3b93a10795e4d4dc7f753911d836675050f886/msgpack-1.1.2-cp314-cp314t-win_arm64.whl", hash = "sha256:d99ef64f349d5ec3293688e91486c5fdb925ed03807f64d98d205d2713c60b46", size = 70868 },
]

[[package]]
name = "tenacity"
version = "9.1.2"
source = { registry = "https://pypi.org/simple" }
sdist = { url = "https://files.pythonhosted.org/packages/0a/d4/2b0cd0fe285e14b36db076e78c93766ff1d529d70408bd1d2a5a84f1d929/tenacity-9.1.2.tar.gz", hash = "sha256:1169d376c297e7de388d18b4481760d478b0e99a777cad3a9c86e556f4b697cb", size = 48036 }
wheels = [
    { url = "https://files.pythonhosted.org/packages/e5/30/643397144bfbfec6f6ef821f36f33e57d35946c44a2352d3c9f0ae847619/tenacity-9.1.2-py3-none-any.whl", hash = "sha256:f77bf36710d8b73a50b2dd155c97b870017ad21afe6ab300326b0371b3b05138", size = 28248 },
]

[[package]]
name = "tqdm"
version = "4.67.1"
source = { registry = "https://pypi.org/simple" }
dependencies = [
    { name = "colorama", marker = "sys_platform == 'win32'" },
]
sdist = { url = "https://files.pythonhosted.org/packages/a8/4b/29b4ef32e036bb34e4ab51796dd745cdba7ed47ad142a9f4a1eb8e0c744d/tqdm-4.67.1.tar.gz", hash = "sha256:f8aef9c52c08c13a65f30ea34f4e5aac3fd1a34959879d7e59e63027286627f2", size = 169737 }
wheels = [
    { url = "https://files.pythonhosted.org/packages/d0/30/dc54f88dd4a2b5dc8a0279bdd7270e735851848b762aeb1c1184ed1f6b14/tqdm-4.67.1-py3-none-any.whl", hash = "sha256:26445eca388f82e72884e0d580d5464cd801a3ea01e63e5601bdff9ba6a48de2", size = 78540 },
]

[[package]]
name = "websockets"
version = "15.0.1"
source = { registry = "https://pypi.org/simple" }
sdist = { url = "https://files.pythonhosted.org/packages/21/e6/26d09fab466b7ca9c7737474c52be4f76a40301b08362eb2dbc19dcc16c1/websockets-15.0.1.tar.gz", hash = "sha256:82544de02076bafba038ce055ee6412d68da13ab47f0c60cab827346de828dee", size = 177016 }
wheels = [
    { url = "https://files.pythonhosted.org/packages/51/6b/4545a0d843594f5d0771e86463606a3988b5a09ca5123136f8a76580dd63/websockets-15.0.1-cp312-cp312-macosx_10_13_universal2.whl", hash = "sha256:3e90baa811a5d73f3ca0bcbf32064d663ed81318ab225ee4f427ad4e26e5aff3", size = 175437 },
    { url = "https://files.pythonhosted.org/packages/f4/71/809a0f5f6a06522af902e0f2ea2757f71ead94610010cf570ab5c98e99ed/websockets-15.0.1-cp312-cp312-macosx_10_13_x86_64.whl", hash = "sha256:592f1a9fe869c778694f0aa806ba0374e97648ab57936f092fd9d87f8bc03665", size = 173096 },
    { url = "https://files.pythonhosted.org/packages/3d/69/1a681dd6f02180916f116894181eab8b2e25b31e484c5d0eae637ec01f7c/websockets-15.0.1-cp312-cp312-macosx_11_0_arm64.whl", hash = "sha256:0701bc3cfcb9164d04a14b149fd74be7347a530ad3bbf15ab2c678a2cd3dd9a2", size = 173332 },
    { url = "https://files.pythonhosted.org/packages/a6/02/0073b3952f5bce97eafbb35757f8d0d54812b6174ed8dd952aa08429bcc3/websockets-15.0.1-cp312-cp312-manylinux_2_17_aarch64.manylinux2014_aarch64.whl", hash = "sha256:e8b56bdcdb4505c8078cb6c7157d9811a85790f2f2b3632c7d1462ab5783d215", size = 183152 },
    { url = "https://files.pythonhosted.org/packages/74/45/c205c8480eafd114b428284840da0b1be9ffd0e4f87338dc95dc6ff961a1/websockets-15.0.1-cp312-cp312-manylinux_2_5_i686.manylinux1_i686.manylinux_2_17_i686.manylinux2014_i686.whl", hash = "sha256:0af68c55afbd5f07986df82831c7bff04846928ea8d1fd7f30052638788bc9b5", size = 182096 },
    { url = "https://files.pythonhosted.org/packages/14/8f/aa61f528fba38578ec553c145857a181384c72b98156f858ca5c8e82d9d3/websockets-15.0.1-cp312-cp312-manylinux_2_5_x86_64.manylinux1_x86_64.manylinux_2_17_x86_64.manylinux2014_x86_64.whl", hash = "sha256:64dee438fed052b52e4f98f76c5790513235efaa1ef7f3f2192c392cd7c91b65", size = 182523 },
    { url = "https://files.pythonhosted.org/packages/ec/6d/0267396610add5bc0d0d3e77f546d4cd287200804fe02323797de77dbce9/websockets-15.0.1-cp312-cp312-musllinux_1_2_aarch64.whl", hash = "sha256:d5f6b181bb38171a8ad1d6aa58a67a6aa9d4b38d0f8c5f496b9e42561dfc62fe", size = 182790 },
    { url = "https://files.pythonhosted.org/packages/02/05/c68c5adbf679cf610ae2f74a9b871ae84564462955d991178f95a1ddb7dd/websockets-15.0.1-cp312-cp312-musllinux_1_2_i686.whl", hash = "sha256:5d54b09eba2bada6011aea5375542a157637b91029687eb4fdb2dab11059c1b4", size = 182165 },
    { url = "https://files.pythonhosted.org/packages/29/93/bb672df7b2f5faac89761cb5fa34f5cec45a4026c383a4b5761c6cea5c16/websockets-15.0.1-cp312-cp312-musllinux_1_2_x86_64.whl", hash = "sha256:3be571a8b5afed347da347bfcf27ba12b069d9d7f42cb8c7028b5e98bbb12597", size = 182160 },
    { url = "https://files.pythonhosted.org/packages/ff/83/de1f7709376dc3ca9b7eeb4b9a07b4526b14876b6d372a4dc62312bebee0/websockets-15.0.1-cp312-cp312-win32.whl", hash = "sha256:c338ffa0520bdb12fbc527265235639fb76e7bc7faafbb93f6ba80d9c06578a9", size = 176395 },
    { url = "https://files.pythonhosted.org/packages/7d/71/abf2ebc3bbfa40f391ce1428c7168fb20582d0ff57019b69ea20fa698043/websockets-15.0.1-cp312-cp312-win_amd64.whl", hash = "sha256:fcd5cf9e305d7b8338754470cf69cf81f420459dbae8a3b40cee57417f4614a7", size = 176841 },
    { url = "https://files.pythonhosted.org/packages/cb/9f/51f0cf64471a9d2b4d0fc6c534f323b664e7095640c34562f5182e5a7195/websockets-15.0.1-cp313-cp313-macosx_10_13_universal2.whl", hash = "sha256:ee443ef070bb3b6ed74514f5efaa37a252af57c90eb33b956d35c8e9c10a1931", size = 175440 },
    { url = "https://files.pythonhosted.org/packages/8a/05/aa116ec9943c718905997412c5989f7ed671bc0188ee2ba89520e8765d7b/websockets-15.0.1-cp313-cp313-macosx_10_13_x86_64.whl", hash = "sha256:5a939de6b7b4e18ca683218320fc67ea886038265fd1ed30173f5ce3f8e85675", size = 173098 },
    { url = "https://files.pythonhosted.org/packages/ff/0b/33cef55ff24f2d92924923c99926dcce78e7bd922d649467f0eda8368923/websockets-15.0.1-cp313-cp313-macosx_11_0_arm64.whl", hash = "sha256:746ee8dba912cd6fc889a8147168991d50ed70447bf18bcda7039f7d2e3d9151", size = 173329 },
    { url = "https://files.pythonhosted.org/packages/31/1d/063b25dcc01faa8fada1469bdf769de3768b7044eac9d41f734fd7b6ad6d/websockets-15.0.1-cp313-cp313-manylinux_2_17_aarch64.manylinux2014_aarch64.whl", hash = "sha256:595b6c3969023ecf9041b2936ac3827e4623bfa3ccf007575f04c5a6aa318c22", size = 183111 },
    { url = "https://files.pythonhosted.org/packages/93/53/9a87ee494a51bf63e4ec9241c1ccc4f7c2f45fff85d5bde2ff74fcb68b9e/websockets-15.0.1-cp313-cp313-manylinux_2_5_i686.manylinux1_i686.manylinux_2_17_i686.manylinux2014_i686.whl", hash = "sha256:3c714d2fc58b5ca3e285461a4cc0c9a66bd0e24c5da9911e30158286c9b5be7f", size = 182054 },
    { url = "https://files.pythonhosted.org/packages/ff/b2/83a6ddf56cdcbad4e3d841fcc55d6ba7d19aeb89c50f24dd7e859ec0805f/websockets-15.0.1-cp313-cp313-manylinux_2_5_x86_64.manylinux1_x86_64.manylinux_2_17_x86_64.manylinux2014_x86_64.whl", hash = "sha256:0f3c1e2ab208db911594ae5b4f79addeb3501604a165019dd221c0bdcabe4db8", size = 182496 },
    { url = "https://files.pythonhosted.org/packages/98/41/e7038944ed0abf34c45aa4635ba28136f06052e08fc2168520bb8b25149f/websockets-15.0.1-cp313-cp313-musllinux_1_2_aarch64.whl", hash = "sha256:229cf1d3ca6c1804400b0a9790dc66528e08a6a1feec0d5040e8b9eb14422375", size = 182829 },
    { url = "https://files.pythonhosted.org/packages/e0/17/de15b6158680c7623c6ef0db361da965ab25d813ae54fcfeae2e5b9ef910/websockets-15.0.1-cp313-cp313-musllinux_1_2_i686.whl", hash = "sha256:756c56e867a90fb00177d530dca4b097dd753cde348448a1012ed6c5131f8b7d", size = 182217 },
    { url = "https://files.pythonhosted.org/packages/33/2b/1f168cb6041853eef0362fb9554c3824367c5560cbdaad89ac40f8c2edfc/websockets-15.0.1-cp313-cp313-musllinux_1_2_x86_64.whl", hash = "sha256:558d023b3df0bffe50a04e710bc87742de35060580a293c2a984299ed83bc4e4", size = 182195 },
    { url = "https://files.pythonhosted.org/packages/86/eb/20b6cdf273913d0ad05a6a14aed4b9a85591c18a987a3d47f20fa13dcc47/websockets-15.0.1-cp313-cp313-win32.whl", hash = "sha256:ba9e56e8ceeeedb2e080147ba85ffcd5cd0711b89576b83784d8605a7df455fa", size = 176393 },
    { url = "https://files.pythonhosted.org/packages/1b/6c/c65773d6cab416a64d191d6ee8a8b1c68a09970ea6909d16965d26bfed1e/websockets-15.0.1-cp313-cp313-win_amd64.whl", hash = "sha256:e09473f095a819042ecb2ab9465aee615bd9c2028e4ef7d933600a8401c79561", size = 176837 },
    { url = "https://files.pythonhosted.org/packages/fa/a8/5b41e0da817d64113292ab1f8247140aac61cbf6cfd085d6a0fa77f4984f/websockets-15.0.1-py3-none-any.whl", hash = "sha256:f7a866fbc1e97b5c617ee4116daaa09b722101d4a3c170c787450ba409f9736f", size = 169743 },
]

[[package]]
name = "win32-setctime"
version = "1.2.0"
source = { registry = "https://pypi.org/simple" }
sdist = { url = "https://files.pythonhosted.org/packages/b3/8f/705086c9d734d3b663af0e9bb3d4de6578d08f46b1b101c2442fd9aecaa2/win32_setctime-1.2.0.tar.gz", hash = "sha256:ae1fdf948f5640aae05c511ade119313fb6a30d7eabe25fef9764dca5873c4c0", size = 4867 }
wheels = [
    { url = "https://files.pythonhosted.org/packages/e1/07/c6fe3ad3e685340704d314d765b7912993bcb8dc198f0e7a89382d37974b/win32_setctime-1.2.0-py3-none-any.whl", hash = "sha256:95d644c4e708aba81dc3704a116d8cbc974d70b3bdb8be1d150e36be6e9d1390", size = 4083 },
]
